
Microsoft Visual Studio Solution File, Format Version 12.00
# Visual Studio Version 17
VisualStudioVersion = 17.5.33516.290
MinimumVisualStudioVersion = 10.0.40219.1
Project("{FAE04EC0-301F-11D3-BF4B-00C04F79EFBC}") = "array", "array\array.csproj", "{CE74001C-BAB5-414B-ADF5-01E8504198EC}"
EndProject
Global
	GlobalSection(SolutionConfigurationPlatforms) = preSolution
		Debug|Any CPU = Debug|Any CPU
		Release|Any CPU = Release|Any CPU
	EndGlobalSection
	GlobalSection(ProjectConfigurationPlatforms) = postSolution
		{CE74001C-BAB5-414B-ADF5-01E8504198EC}.Debug|Any CPU.ActiveCfg = Debug|Any CPU
		{CE74001C-BAB5-414B-ADF5-01E8504198EC}.Debug|Any CPU.Build.0 = Debug|Any CPU
		{CE74001C-BAB5-414B-ADF5-01E8504198EC}.Release|Any CPU.ActiveCfg = Release|Any CPU
		{CE74001C-BAB5-414B-ADF5-01E8504198EC}.Release|Any CPU.Build.0 = Release|Any CPU
	EndGlobalSection
	GlobalSection(SolutionProperties) = preSolution
		HideSolutionNode = FALSE
	EndGlobalSection
	GlobalSection(ExtensibilityGlobals) = postSolution
		SolutionGuid = {EE19E3E2-C028-454D-9430-AC2A183BC868}
	EndGlobalSection
EndGlobal
