
Microsoft Visual Studio Solution File, Format Version 12.00
# Visual Studio Version 17
VisualStudioVersion = 17.5.33516.290
MinimumVisualStudioVersion = 10.0.40219.1
Project("{FAE04EC0-301F-11D3-BF4B-00C04F79EFBC}") = "looping", "looping\looping.csproj", "{E1A4A66B-3A3D-467A-ADBB-FCF4402983CE}"
EndProject
Global
	GlobalSection(SolutionConfigurationPlatforms) = preSolution
		Debug|Any CPU = Debug|Any CPU
		Release|Any CPU = Release|Any CPU
	EndGlobalSection
	GlobalSection(ProjectConfigurationPlatforms) = postSolution
		{E1A4A66B-3A3D-467A-ADBB-FCF4402983CE}.Debug|Any CPU.ActiveCfg = Debug|Any CPU
		{E1A4A66B-3A3D-467A-ADBB-FCF4402983CE}.Debug|Any CPU.Build.0 = Debug|Any CPU
		{E1A4A66B-3A3D-467A-ADBB-FCF4402983CE}.Release|Any CPU.ActiveCfg = Release|Any CPU
		{E1A4A66B-3A3D-467A-ADBB-FCF4402983CE}.Release|Any CPU.Build.0 = Release|Any CPU
	EndGlobalSection
	GlobalSection(SolutionProperties) = preSolution
		HideSolutionNode = FALSE
	EndGlobalSection
	GlobalSection(ExtensibilityGlobals) = postSolution
		SolutionGuid = {B5B467C8-F842-4993-A0E3-9D89BF09DB8D}
	EndGlobalSection
EndGlobal
