
Microsoft Visual Studio Solution File, Format Version 12.00
# Visual Studio Version 17
VisualStudioVersion = 17.5.33516.290
MinimumVisualStudioVersion = 10.0.40219.1
Project("{FAE04EC0-301F-11D3-BF4B-00C04F79EFBC}") = "labdayy5", "labdayy5\labdayy5.csproj", "{F63B3038-6A37-45DE-8E3D-AD6B1264C1ED}"
EndProject
Global
	GlobalSection(SolutionConfigurationPlatforms) = preSolution
		Debug|Any CPU = Debug|Any CPU
		Release|Any CPU = Release|Any CPU
	EndGlobalSection
	GlobalSection(ProjectConfigurationPlatforms) = postSolution
		{F63B3038-6A37-45DE-8E3D-AD6B1264C1ED}.Debug|Any CPU.ActiveCfg = Debug|Any CPU
		{F63B3038-6A37-45DE-8E3D-AD6B1264C1ED}.Debug|Any CPU.Build.0 = Debug|Any CPU
		{F63B3038-6A37-45DE-8E3D-AD6B1264C1ED}.Release|Any CPU.ActiveCfg = Release|Any CPU
		{F63B3038-6A37-45DE-8E3D-AD6B1264C1ED}.Release|Any CPU.Build.0 = Release|Any CPU
	EndGlobalSection
	GlobalSection(SolutionProperties) = preSolution
		HideSolutionNode = FALSE
	EndGlobalSection
	GlobalSection(ExtensibilityGlobals) = postSolution
		SolutionGuid = {F4DBC4FC-6DDC-4D7E-A311-0A40A0BD72A9}
	EndGlobalSection
EndGlobal
