
Microsoft Visual Studio Solution File, Format Version 12.00
# Visual Studio Version 17
VisualStudioVersion = 17.5.33516.290
MinimumVisualStudioVersion = 10.0.40219.1
Project("{FAE04EC0-301F-11D3-BF4B-00C04F79EFBC}") = "polymorphism", "polymorphism\polymorphism.csproj", "{FD7A5FC7-BD5C-40FB-9DA6-7119A2258B49}"
EndProject
Global
	GlobalSection(SolutionConfigurationPlatforms) = preSolution
		Debug|Any CPU = Debug|Any CPU
		Release|Any CPU = Release|Any CPU
	EndGlobalSection
	GlobalSection(ProjectConfigurationPlatforms) = postSolution
		{FD7A5FC7-BD5C-40FB-9DA6-7119A2258B49}.Debug|Any CPU.ActiveCfg = Debug|Any CPU
		{FD7A5FC7-BD5C-40FB-9DA6-7119A2258B49}.Debug|Any CPU.Build.0 = Debug|Any CPU
		{FD7A5FC7-BD5C-40FB-9DA6-7119A2258B49}.Release|Any CPU.ActiveCfg = Release|Any CPU
		{FD7A5FC7-BD5C-40FB-9DA6-7119A2258B49}.Release|Any CPU.Build.0 = Release|Any CPU
	EndGlobalSection
	GlobalSection(SolutionProperties) = preSolution
		HideSolutionNode = FALSE
	EndGlobalSection
	GlobalSection(ExtensibilityGlobals) = postSolution
		SolutionGuid = {4A605391-B253-4B37-9510-331C2B252273}
	EndGlobalSection
EndGlobal
